// !$*UTF8*$!
{
	archiveVersion = 1;
	classes = {
	};
	objectVersion = 63;
	objects = {

/* Begin PBXBuildFile section */
		03746BC139C528E91F80E82E /* PaywallView.swift in Sources */ = {isa = PBXBuildFile; fileRef = 37A97A551E59ADE4CE6D7B08 /* PaywallView.swift */; };
		04961E5E0AA76EC3F8180107 /* HistoryService.swift in Sources */ = {isa = PBXBuildFile; fileRef = 2E38BB28674809DEDA313BC3 /* HistoryService.swift */; };
		07D64631D957776F82443532 /* PrismCalcIntents.swift in Sources */ = {isa = PBXBuildFile; fileRef = 9C8280FB24EE6B135CC22764 /* PrismCalcIntents.swift */; };
		1175C70C64CD3B1413FB59C3 /* PrismCalcIntents.swift in Sources */ = {isa = PBXBuildFile; fileRef = 9C8280FB24EE6B135CC22764 /* PrismCalcIntents.swift */; };
		1240FC1AB93C30EE0E028698 /* StoreKitManager.swift in Sources */ = {isa = PBXBuildFile; fileRef = 67949345DD0514F5CAD0890E /* StoreKitManager.swift */; };
		1541B09BF5D4BB2D1FDF42A5 /* AnimatedMeshBackground.swift in Sources */ = {isa = PBXBuildFile; fileRef = C9633F5A49FBEA13A5D592A5 /* AnimatedMeshBackground.swift */; };
		1C68696F3D1EA81F43EDC87E /* TipCalculatorView.swift in Sources */ = {isa = PBXBuildFile; fileRef = 53E4337BEB32BA163040E425 /* TipCalculatorView.swift */; };
		256EF2A503E16C904FA82122 /* GlassTheme.swift in Sources */ = {isa = PBXBuildFile; fileRef = 166E376548BCB9D6251E58F4 /* GlassTheme.swift */; };
		2ED4602614D08D71AF772098 /* ArcSlider.swift in Sources */ = {isa = PBXBuildFile; fileRef = 4509FB883BDADD494189B540 /* ArcSlider.swift */; };
		33DBDF8BB7E309831BB1158B /* Main.swift in Sources */ = {isa = PBXBuildFile; fileRef = 84354347C4E03339C1BCFDB4 /* Main.swift */; };
		3BB9F70233D53F6347FBD064 /* MeshGradientConfig.swift in Sources */ = {isa = PBXBuildFile; fileRef = 5FFE7101EA895296013A80A9 /* MeshGradientConfig.swift */; };
		440F9A13E80D54D3B05C5748 /* CurrencyService.swift in Sources */ = {isa = PBXBuildFile; fileRef = B19AC441303D0EF8DA02BAF5 /* CurrencyService.swift */; };
		4416E1B92FA96F74D3CE3504 /* WidgetKit.framework in Frameworks */ = {isa = PBXBuildFile; fileRef = 4C40E340BE469A9823FFF30B /* WidgetKit.framework */; };
		464FFCC9BA71612D894AB11A /* CalculatorEngineTests.swift in Sources */ = {isa = PBXBuildFile; fileRef = D24088766C7A637DCAEC1A4A /* CalculatorEngineTests.swift */; };
		4C5EBC8629C107CED5591807 /* SplitBillView.swift in Sources */ = {isa = PBXBuildFile; fileRef = 6DF71E0D10E8AB31B834216B /* SplitBillView.swift */; };
		521393B55A0D15A58B3467D9 /* WidgetIntents.swift in Sources */ = {isa = PBXBuildFile; fileRef = CD9B52F4CF8E3B72FF8F381E /* WidgetIntents.swift */; };
		53858D8A69A3CB813701C69C /* CalculatorEngine.swift in Sources */ = {isa = PBXBuildFile; fileRef = 18CDF7C18E0A08A831AB9E32 /* CalculatorEngine.swift */; };
		632B0893C23FBA6E1580B08E /* UnitConverterView.swift in Sources */ = {isa = PBXBuildFile; fileRef = 2152DD16CCBD8CC75EBB3CF1 /* UnitConverterView.swift */; };
		6A6EBAD639BD6670EF8B0ACF /* HistoryEntry.swift in Sources */ = {isa = PBXBuildFile; fileRef = FA37A12BA19763A46BD3710E /* HistoryEntry.swift */; };
		72B4DDAAE35F74FD86819C9F /* SharedDataService.swift in Sources */ = {isa = PBXBuildFile; fileRef = 612A37C071FA0BA011B37F8F /* SharedDataService.swift */; };
		732A6E968CD5027ADA888B38 /* SwiftUI.framework in Frameworks */ = {isa = PBXBuildFile; fileRef = 932E687FF32115C776BD1524 /* SwiftUI.framework */; };
		732D7782FA37FF91CF7043A7 /* DiscountCalculatorView.swift in Sources */ = {isa = PBXBuildFile; fileRef = C2D7992608E1F5963B90E503 /* DiscountCalculatorView.swift */; };
		7522AE1FA0411E79B7BF455C /* ViewExtensions.swift in Sources */ = {isa = PBXBuildFile; fileRef = 011FDE3FAE243DB0F7F06F3D /* ViewExtensions.swift */; };
		75ADB0A92959F93F11BBB0DE /* DiscountCalculatorViewModel.swift in Sources */ = {isa = PBXBuildFile; fileRef = A67931C7E2E5EB73C0B3B376 /* DiscountCalculatorViewModel.swift */; };
		82B84D0CFBCBF330B5C0F3BA /* FeatureViewModelTests.swift in Sources */ = {isa = PBXBuildFile; fileRef = 309433807103E5FFFFB41D27 /* FeatureViewModelTests.swift */; };
		851B668F704A979EACA4528D /* ContentView.swift in Sources */ = {isa = PBXBuildFile; fileRef = 0928A2F10C4A1BC36441EF60 /* ContentView.swift */; };
		85235890A21DD93D1617FFFF /* SharedDataServiceTests.swift in Sources */ = {isa = PBXBuildFile; fileRef = AE70198C2A48A0BB0B0F25E8 /* SharedDataServiceTests.swift */; };
		853CBE38EC8CCBA684A8D5F3 /* PrismCalcApp.swift in Sources */ = {isa = PBXBuildFile; fileRef = E4CB4D0753E3072FCA67F542 /* PrismCalcApp.swift */; };
		85678E2DBAD381FB09293500 /* PrismCalcWidgetExtension.appex in Embed Foundation Extensions */ = {isa = PBXBuildFile; fileRef = CF4F9A969F47E11D295C9015 /* PrismCalcWidgetExtension.appex */; settings = {ATTRIBUTES = (RemoveHeadersOnCopy, ); }; };
		85F05CFB02ED91E5786D0356 /* SettingsView.swift in Sources */ = {isa = PBXBuildFile; fileRef = E66CE5B701DF5A9A0367E6BE /* SettingsView.swift */; };
		98DD0F88297C233B8CB5F42F /* Assets.xcassets in Resources */ = {isa = PBXBuildFile; fileRef = 5A57FC037338358F439ECEF8 /* Assets.xcassets */; };
		9C0BB51DB91005648F8C089F /* UnitConverterViewModel.swift in Sources */ = {isa = PBXBuildFile; fileRef = C40CFEFC4EC5549F59BE5325 /* UnitConverterViewModel.swift */; };
		B45264E99A1B5420A770C5C8 /* PrivacyInfo.xcprivacy in Resources */ = {isa = PBXBuildFile; fileRef = 58EA6975E45D1849C1AB5BE6 /* PrivacyInfo.xcprivacy */; };
		B453357D21C312E4953DD47A /* PrismCalcWidgetBundle.swift in Sources */ = {isa = PBXBuildFile; fileRef = 5AC96CD62E404EC80AC7CAF0 /* PrismCalcWidgetBundle.swift */; };
		C0529C5D7A7FC223BABFD238 /* SplitBillViewModel.swift in Sources */ = {isa = PBXBuildFile; fileRef = 9C833C98CF2CDDA190C3BEAB /* SplitBillViewModel.swift */; };
		C537D01A257952F006C36B1C /* HistoryView.swift in Sources */ = {isa = PBXBuildFile; fileRef = 89815B8AED1E3744570BF87F /* HistoryView.swift */; };
		C758A13774711033A2C2CFCA /* GlassCard.swift in Sources */ = {isa = PBXBuildFile; fileRef = 4194E0993381BD54D743A6D1 /* GlassCard.swift */; };
		CD0163444F5F78B11D23939A /* PrismCalcWidget.swift in Sources */ = {isa = PBXBuildFile; fileRef = 08A30CD5E60738303616B5FE /* PrismCalcWidget.swift */; };
		E0AC9907CAF600AF20826272 /* PrismCalcTips.swift in Sources */ = {isa = PBXBuildFile; fileRef = D4F09CE310B0704D010E271A /* PrismCalcTips.swift */; };
		7D31794111F9DACEBE577774 /* GlassIconButton.swift in Sources */ = {isa = PBXBuildFile; fileRef = D816FCC4E5278F7F0D10D3C3 /* GlassIconButton.swift */; };
		5A6045928869A7C32A9AC264 /* HistoryDetailView.swift in Sources */ = {isa = PBXBuildFile; fileRef = BF6269597EEE6C929F36CB85 /* HistoryDetailView.swift */; };
		DD2AD93E5126680E2F015F77 /* ThemePreviewView.swift in Sources */ = {isa = PBXBuildFile; fileRef = FFE327E5BC1C491E4C9D6A3B /* ThemePreviewView.swift */; };
		E33E2EE79397756A2F2827A1 /* CalculatorViewModelTests.swift in Sources */ = {isa = PBXBuildFile; fileRef = 6A08FE4886F94601CEA0C3CD /* CalculatorViewModelTests.swift */; };
		E982FA44BD84210DCACC5BA2 /* GlassDisplay.swift in Sources */ = {isa = PBXBuildFile; fileRef = E67CC6560CD1FCC27CA6702D /* GlassDisplay.swift */; };
		EB7CEEB8982142663FF108D9 /* ControlCenterWidget.swift in Sources */ = {isa = PBXBuildFile; fileRef = 156A5328877214CEE43E489F /* ControlCenterWidget.swift */; };
		EB82BA2B8C7E795EFD6B4845 /* ProGatedView.swift in Sources */ = {isa = PBXBuildFile; fileRef = BF398B3848E41E03A8F325E7 /* ProGatedView.swift */; };
		EE256CEC1C1D2FA80B9D3E66 /* Assets.xcassets in Resources */ = {isa = PBXBuildFile; fileRef = 3B88C2B145989CCF729E6C81 /* Assets.xcassets */; };
		EEB3561F3E0339477391F824 /* CalculatorViewModel.swift in Sources */ = {isa = PBXBuildFile; fileRef = 3DFEB1D67682DB6C959FBF44 /* CalculatorViewModel.swift */; };
		F15386F6B7A23EC9FBEFE00A /* TipCalculatorViewModel.swift in Sources */ = {isa = PBXBuildFile; fileRef = 38CCE2807D00E71D605C9EDF /* TipCalculatorViewModel.swift */; };
		F1A6EA874B225FAA431A3A88 /* CalculatorView.swift in Sources */ = {isa = PBXBuildFile; fileRef = 06CEF784C8D8CB4B0D1F0E30 /* CalculatorView.swift */; };
		FB2434709291308506F921AD /* Configuration.storekit in Resources */ = {isa = PBXBuildFile; fileRef = 1466F12F1665AB3FCB1BAD0C /* Configuration.storekit */; };
		FE83990D4AEA031D462A0C40 /* SharedDataService.swift in Sources */ = {isa = PBXBuildFile; fileRef = 612A37C071FA0BA011B37F8F /* SharedDataService.swift */; };
		FF21AC5921DE37D9985079A8 /* GlassButton.swift in Sources */ = {isa = PBXBuildFile; fileRef = 75C27C5D6BD72F15EA88DE7B /* GlassButton.swift */; };
/* End PBXBuildFile section */

/* Begin PBXContainerItemProxy section */
		925DF8F268EA61F225D68262 /* PBXContainerItemProxy */ = {
			isa = PBXContainerItemProxy;
			containerPortal = 10EC141E2458429C2EAB38BC /* Project object */;
			proxyType = 1;
			remoteGlobalIDString = F6363C7CDA6FF4F0D9EBDB08;
			remoteInfo = PrismCalc;
		};
		C8E498F22F5A3EBD5CD17919 /* PBXContainerItemProxy */ = {
			isa = PBXContainerItemProxy;
			containerPortal = 10EC141E2458429C2EAB38BC /* Project object */;
			proxyType = 1;
			remoteGlobalIDString = C5735FE2BF6390BBC033605E;
			remoteInfo = PrismCalcWidgetExtension;
		};
/* End PBXContainerItemProxy section */

/* Begin PBXCopyFilesBuildPhase section */
		CE14216E1F930BBA4DCE1027 /* Embed Foundation Extensions */ = {
			isa = PBXCopyFilesBuildPhase;
			buildActionMask = 2147483647;
			dstPath = "";
			dstSubfolderSpec = 13;
			files = (
				85678E2DBAD381FB09293500 /* PrismCalcWidgetExtension.appex in Embed Foundation Extensions */,
			);
			name = "Embed Foundation Extensions";
			runOnlyForDeploymentPostprocessing = 0;
		};
/* End PBXCopyFilesBuildPhase section */

/* Begin PBXFileReference section */
		011FDE3FAE243DB0F7F06F3D /* ViewExtensions.swift */ = {isa = PBXFileReference; lastKnownFileType = sourcecode.swift; path = ViewExtensions.swift; sourceTree = "<group>"; };
		06CEF784C8D8CB4B0D1F0E30 /* CalculatorView.swift */ = {isa = PBXFileReference; lastKnownFileType = sourcecode.swift; path = CalculatorView.swift; sourceTree = "<group>"; };
		0816918B3C8DBC981DC2319D /* Info.plist */ = {isa = PBXFileReference; lastKnownFileType = text.plist; path = Info.plist; sourceTree = "<group>"; };
		08A30CD5E60738303616B5FE /* PrismCalcWidget.swift */ = {isa = PBXFileReference; lastKnownFileType = sourcecode.swift; path = PrismCalcWidget.swift; sourceTree = "<group>"; };
		0928A2F10C4A1BC36441EF60 /* ContentView.swift */ = {isa = PBXFileReference; lastKnownFileType = sourcecode.swift; path = ContentView.swift; sourceTree = "<group>"; };
		0BBEF1EB9EE790545507F192 /* PrismCalc.entitlements */ = {isa = PBXFileReference; lastKnownFileType = text.plist.entitlements; path = PrismCalc.entitlements; sourceTree = "<group>"; };
		1466F12F1665AB3FCB1BAD0C /* Configuration.storekit */ = {isa = PBXFileReference; lastKnownFileType = text; path = Configuration.storekit; sourceTree = "<group>"; };
		156A5328877214CEE43E489F /* ControlCenterWidget.swift */ = {isa = PBXFileReference; lastKnownFileType = sourcecode.swift; path = ControlCenterWidget.swift; sourceTree = "<group>"; };
		166E376548BCB9D6251E58F4 /* GlassTheme.swift */ = {isa = PBXFileReference; lastKnownFileType = sourcecode.swift; path = GlassTheme.swift; sourceTree = "<group>"; };
		18CDF7C18E0A08A831AB9E32 /* CalculatorEngine.swift */ = {isa = PBXFileReference; lastKnownFileType = sourcecode.swift; path = CalculatorEngine.swift; sourceTree = "<group>"; };
		2152DD16CCBD8CC75EBB3CF1 /* UnitConverterView.swift */ = {isa = PBXFileReference; lastKnownFileType = sourcecode.swift; path = UnitConverterView.swift; sourceTree = "<group>"; };
		2E38BB28674809DEDA313BC3 /* HistoryService.swift */ = {isa = PBXFileReference; lastKnownFileType = sourcecode.swift; path = HistoryService.swift; sourceTree = "<group>"; };
		309433807103E5FFFFB41D27 /* FeatureViewModelTests.swift */ = {isa = PBXFileReference; lastKnownFileType = sourcecode.swift; path = FeatureViewModelTests.swift; sourceTree = "<group>"; };
		37A97A551E59ADE4CE6D7B08 /* PaywallView.swift */ = {isa = PBXFileReference; lastKnownFileType = sourcecode.swift; path = PaywallView.swift; sourceTree = "<group>"; };
		38CCE2807D00E71D605C9EDF /* TipCalculatorViewModel.swift */ = {isa = PBXFileReference; lastKnownFileType = sourcecode.swift; path = TipCalculatorViewModel.swift; sourceTree = "<group>"; };
		3B88C2B145989CCF729E6C81 /* Assets.xcassets */ = {isa = PBXFileReference; lastKnownFileType = folder.assetcatalog; path = Assets.xcassets; sourceTree = "<group>"; };
		3DFEB1D67682DB6C959FBF44 /* CalculatorViewModel.swift */ = {isa = PBXFileReference; lastKnownFileType = sourcecode.swift; path = CalculatorViewModel.swift; sourceTree = "<group>"; };
		4194E0993381BD54D743A6D1 /* GlassCard.swift */ = {isa = PBXFileReference; lastKnownFileType = sourcecode.swift; path = GlassCard.swift; sourceTree = "<group>"; };
		4509FB883BDADD494189B540 /* ArcSlider.swift */ = {isa = PBXFileReference; lastKnownFileType = sourcecode.swift; path = ArcSlider.swift; sourceTree = "<group>"; };
		4C40E340BE469A9823FFF30B /* WidgetKit.framework */ = {isa = PBXFileReference; lastKnownFileType = wrapper.framework; path = WidgetKit.framework; sourceTree = BUILT_PRODUCTS_DIR; };
		4F91D02B2609D044E19497A8 /* PrismCalcWidget.entitlements */ = {isa = PBXFileReference; lastKnownFileType = text.plist.entitlements; path = PrismCalcWidget.entitlements; sourceTree = "<group>"; };
		53E4337BEB32BA163040E425 /* TipCalculatorView.swift */ = {isa = PBXFileReference; lastKnownFileType = sourcecode.swift; path = TipCalculatorView.swift; sourceTree = "<group>"; };
		58EA6975E45D1849C1AB5BE6 /* PrivacyInfo.xcprivacy */ = {isa = PBXFileReference; lastKnownFileType = text.xml; path = PrivacyInfo.xcprivacy; sourceTree = "<group>"; };
		5A57FC037338358F439ECEF8 /* Assets.xcassets */ = {isa = PBXFileReference; lastKnownFileType = folder.assetcatalog; path = Assets.xcassets; sourceTree = "<group>"; };
		5AC96CD62E404EC80AC7CAF0 /* PrismCalcWidgetBundle.swift */ = {isa = PBXFileReference; lastKnownFileType = sourcecode.swift; path = PrismCalcWidgetBundle.swift; sourceTree = "<group>"; };
		5FFE7101EA895296013A80A9 /* MeshGradientConfig.swift */ = {isa = PBXFileReference; lastKnownFileType = sourcecode.swift; path = MeshGradientConfig.swift; sourceTree = "<group>"; };
		6042CD375253D31F9C043C2B /* PrismCalc.app */ = {isa = PBXFileReference; explicitFileType = wrapper.application; includeInIndex = 0; path = PrismCalc.app; sourceTree = BUILT_PRODUCTS_DIR; };
		612A37C071FA0BA011B37F8F /* SharedDataService.swift */ = {isa = PBXFileReference; lastKnownFileType = sourcecode.swift; name = SharedDataService.swift; path = Sources/PrismCalc/Core/Services/SharedDataService.swift; sourceTree = "<group>"; };
		67949345DD0514F5CAD0890E /* StoreKitManager.swift */ = {isa = PBXFileReference; lastKnownFileType = sourcecode.swift; path = StoreKitManager.swift; sourceTree = "<group>"; };
		6A08FE4886F94601CEA0C3CD /* CalculatorViewModelTests.swift */ = {isa = PBXFileReference; lastKnownFileType = sourcecode.swift; path = CalculatorViewModelTests.swift; sourceTree = "<group>"; };
		6DF71E0D10E8AB31B834216B /* SplitBillView.swift */ = {isa = PBXFileReference; lastKnownFileType = sourcecode.swift; path = SplitBillView.swift; sourceTree = "<group>"; };
		75C27C5D6BD72F15EA88DE7B /* GlassButton.swift */ = {isa = PBXFileReference; lastKnownFileType = sourcecode.swift; path = GlassButton.swift; sourceTree = "<group>"; };
		7735BB50D4B39217D871E702 /* PrismCalcTests.xctest */ = {isa = PBXFileReference; explicitFileType = wrapper.cfbundle; includeInIndex = 0; path = PrismCalcTests.xctest; sourceTree = BUILT_PRODUCTS_DIR; };
		84354347C4E03339C1BCFDB4 /* Main.swift */ = {isa = PBXFileReference; lastKnownFileType = sourcecode.swift; path = Main.swift; sourceTree = "<group>"; };
		89815B8AED1E3744570BF87F /* HistoryView.swift */ = {isa = PBXFileReference; lastKnownFileType = sourcecode.swift; path = HistoryView.swift; sourceTree = "<group>"; };
		932E687FF32115C776BD1524 /* SwiftUI.framework */ = {isa = PBXFileReference; lastKnownFileType = wrapper.framework; path = SwiftUI.framework; sourceTree = BUILT_PRODUCTS_DIR; };
		9C8280FB24EE6B135CC22764 /* PrismCalcIntents.swift */ = {isa = PBXFileReference; lastKnownFileType = sourcecode.swift; name = PrismCalcIntents.swift; path = Sources/PrismCalc/Core/Intents/PrismCalcIntents.swift; sourceTree = "<group>"; };
		9C833C98CF2CDDA190C3BEAB /* SplitBillViewModel.swift */ = {isa = PBXFileReference; lastKnownFileType = sourcecode.swift; path = SplitBillViewModel.swift; sourceTree = "<group>"; };
		A67931C7E2E5EB73C0B3B376 /* DiscountCalculatorViewModel.swift */ = {isa = PBXFileReference; lastKnownFileType = sourcecode.swift; path = DiscountCalculatorViewModel.swift; sourceTree = "<group>"; };
		AE70198C2A48A0BB0B0F25E8 /* SharedDataServiceTests.swift */ = {isa = PBXFileReference; lastKnownFileType = sourcecode.swift; path = SharedDataServiceTests.swift; sourceTree = "<group>"; };
		B19AC441303D0EF8DA02BAF5 /* CurrencyService.swift */ = {isa = PBXFileReference; lastKnownFileType = sourcecode.swift; path = CurrencyService.swift; sourceTree = "<group>"; };
		BF398B3848E41E03A8F325E7 /* ProGatedView.swift */ = {isa = PBXFileReference; lastKnownFileType = sourcecode.swift; path = ProGatedView.swift; sourceTree = "<group>"; };
		C2D7992608E1F5963B90E503 /* DiscountCalculatorView.swift */ = {isa = PBXFileReference; lastKnownFileType = sourcecode.swift; path = DiscountCalculatorView.swift; sourceTree = "<group>"; };
		C40CFEFC4EC5549F59BE5325 /* UnitConverterViewModel.swift */ = {isa = PBXFileReference; lastKnownFileType = sourcecode.swift; path = UnitConverterViewModel.swift; sourceTree = "<group>"; };
		C9633F5A49FBEA13A5D592A5 /* AnimatedMeshBackground.swift */ = {isa = PBXFileReference; lastKnownFileType = sourcecode.swift; path = AnimatedMeshBackground.swift; sourceTree = "<group>"; };
		CD9B52F4CF8E3B72FF8F381E /* WidgetIntents.swift */ = {isa = PBXFileReference; lastKnownFileType = sourcecode.swift; path = WidgetIntents.swift; sourceTree = "<group>"; };
		CF4F9A969F47E11D295C9015 /* PrismCalcWidgetExtension.appex */ = {isa = PBXFileReference; explicitFileType = "wrapper.app-extension"; includeInIndex = 0; path = PrismCalcWidgetExtension.appex; sourceTree = BUILT_PRODUCTS_DIR; };
		D24088766C7A637DCAEC1A4A /* CalculatorEngineTests.swift */ = {isa = PBXFileReference; lastKnownFileType = sourcecode.swift; path = CalculatorEngineTests.swift; sourceTree = "<group>"; };
		D4F09CE310B0704D010E271A /* PrismCalcTips.swift */ = {isa = PBXFileReference; lastKnownFileType = sourcecode.swift; path = PrismCalcTips.swift; sourceTree = "<group>"; };
		D6361ACEB26A1C8B9C4C5A52 /* Info.plist */ = {isa = PBXFileReference; lastKnownFileType = text.plist; path = Info.plist; sourceTree = "<group>"; };
		E4CB4D0753E3072FCA67F542 /* PrismCalcApp.swift */ = {isa = PBXFileReference; lastKnownFileType = sourcecode.swift; path = PrismCalcApp.swift; sourceTree = "<group>"; };
		E66CE5B701DF5A9A0367E6BE /* SettingsView.swift */ = {isa = PBXFileReference; lastKnownFileType = sourcecode.swift; path = SettingsView.swift; sourceTree = "<group>"; };
		E67CC6560CD1FCC27CA6702D /* GlassDisplay.swift */ = {isa = PBXFileReference; lastKnownFileType = sourcecode.swift; path = GlassDisplay.swift; sourceTree = "<group>"; };
		FA37A12BA19763A46BD3710E /* HistoryEntry.swift */ = {isa = PBXFileReference; lastKnownFileType = sourcecode.swift; path = HistoryEntry.swift; sourceTree = "<group>"; };
		D816FCC4E5278F7F0D10D3C3 /* GlassIconButton.swift */ = {isa = PBXFileReference; lastKnownFileType = sourcecode.swift; path = GlassIconButton.swift; sourceTree = "<group>"; };
		BF6269597EEE6C929F36CB85 /* HistoryDetailView.swift */ = {isa = PBXFileReference; lastKnownFileType = sourcecode.swift; path = HistoryDetailView.swift; sourceTree = "<group>"; };
		FFE327E5BC1C491E4C9D6A3B /* ThemePreviewView.swift */ = {isa = PBXFileReference; lastKnownFileType = sourcecode.swift; path = ThemePreviewView.swift; sourceTree = "<group>"; };
/* End PBXFileReference section */

/* Begin PBXFrameworksBuildPhase section */
		CFD4CAD21EFE3FD4DCC5A420 /* Frameworks */ = {
			isa = PBXFrameworksBuildPhase;
			buildActionMask = 2147483647;
			files = (
				732A6E968CD5027ADA888B38 /* SwiftUI.framework in Frameworks */,
				4416E1B92FA96F74D3CE3504 /* WidgetKit.framework in Frameworks */,
			);
			runOnlyForDeploymentPostprocessing = 0;
		};
/* End PBXFrameworksBuildPhase section */

/* Begin PBXGroup section */
		07A508ABC4BD7444BFFD803E /* Intents */ = {
			isa = PBXGroup;
			children = (
			);
			path = Intents;
			sourceTree = "<group>";
		};
		0B74F98ED3C9DEA471F6C58F /* DiscountCalculator */ = {
			isa = PBXGroup;
			children = (
				C2D7992608E1F5963B90E503 /* DiscountCalculatorView.swift */,
				A67931C7E2E5EB73C0B3B376 /* DiscountCalculatorViewModel.swift */,
			);
			path = DiscountCalculator;
			sourceTree = "<group>";
		};
		21E54184E526F50BA3F14D52 /* PrismCalc */ = {
			isa = PBXGroup;
			children = (
				FF09123D51E2FB8FC4BBC9DE /* App */,
				9A95DD9C43455BF6302A9990 /* Core */,
				8BAEB621A4163068A8456199 /* DesignSystem */,
				F9892D895E073F57DEE623CD /* Features */,
			);
			name = PrismCalc;
			path = Sources/PrismCalc;
			sourceTree = "<group>";
		};
		24FBE59F79153ABF302F3CC0 /* Services */ = {
			isa = PBXGroup;
			children = (
				B19AC441303D0EF8DA02BAF5 /* CurrencyService.swift */,
				2E38BB28674809DEDA313BC3 /* HistoryService.swift */,
				67949345DD0514F5CAD0890E /* StoreKitManager.swift */,
			);
			path = Services;
			sourceTree = "<group>";
		};
		3ED8953120AFB2DB5709BEFA /* History */ = {
			isa = PBXGroup;
			children = (
				89815B8AED1E3744570BF87F /* HistoryView.swift */,
				BF6269597EEE6C929F36CB85 /* HistoryDetailView.swift */,
			);
			path = History;
			sourceTree = "<group>";
		};
		623F87D8FA68E3A20CA01393 /* Models */ = {
			isa = PBXGroup;
			children = (
				FA37A12BA19763A46BD3710E /* HistoryEntry.swift */,
			);
			path = Models;
			sourceTree = "<group>";
		};
		7BD82F4C105E560EB387F61F /* WidgetExtension */ = {
			isa = PBXGroup;
			children = (
				5A57FC037338358F439ECEF8 /* Assets.xcassets */,
				4F91D02B2609D044E19497A8 /* PrismCalcWidget.entitlements */,
				5AC96CD62E404EC80AC7CAF0 /* PrismCalcWidgetBundle.swift */,
				0816918B3C8DBC981DC2319D /* Info.plist */,
			);
			path = WidgetExtension;
			sourceTree = "<group>";
		};
		7C1A3815FF2BBF82FA8D43B0 /* Products */ = {
			isa = PBXGroup;
			children = (
				6042CD375253D31F9C043C2B /* PrismCalc.app */,
				7735BB50D4B39217D871E702 /* PrismCalcTests.xctest */,
				CF4F9A969F47E11D295C9015 /* PrismCalcWidgetExtension.appex */,
			);
			name = Products;
			sourceTree = "<group>";
		};
		7D8F82765D7BE90DF290C296 /* Widgets */ = {
			isa = PBXGroup;
			children = (
				156A5328877214CEE43E489F /* ControlCenterWidget.swift */,
				08A30CD5E60738303616B5FE /* PrismCalcWidget.swift */,
				CD9B52F4CF8E3B72FF8F381E /* WidgetIntents.swift */,
			);
			name = Widgets;
			path = Sources/PrismCalc/Widgets;
			sourceTree = "<group>";
		};
		8BAEB621A4163068A8456199 /* DesignSystem */ = {
			isa = PBXGroup;
			children = (
				C9633F5A49FBEA13A5D592A5 /* AnimatedMeshBackground.swift */,
				4509FB883BDADD494189B540 /* ArcSlider.swift */,
				75C27C5D6BD72F15EA88DE7B /* GlassButton.swift */,
				4194E0993381BD54D743A6D1 /* GlassCard.swift */,
				E67CC6560CD1FCC27CA6702D /* GlassDisplay.swift */,
				D816FCC4E5278F7F0D10D3C3 /* GlassIconButton.swift */,
				166E376548BCB9D6251E58F4 /* GlassTheme.swift */,
				5FFE7101EA895296013A80A9 /* MeshGradientConfig.swift */,
			);
			path = DesignSystem;
			sourceTree = "<group>";
		};
		9A95DD9C43455BF6302A9990 /* Core */ = {
			isa = PBXGroup;
			children = (
				C7F5111D7D54BC9B1269E180 /* Extensions */,
				07A508ABC4BD7444BFFD803E /* Intents */,
				623F87D8FA68E3A20CA01393 /* Models */,
				24FBE59F79153ABF302F3CC0 /* Services */,
				F7837A83366DE8999CC89594 /* Tips */,
			);
			path = Core;
			sourceTree = "<group>";
		};
		9FB3C905249A3472B74725BC /* PrismCalcTests */ = {
			isa = PBXGroup;
			children = (
				D24088766C7A637DCAEC1A4A /* CalculatorEngineTests.swift */,
				6A08FE4886F94601CEA0C3CD /* CalculatorViewModelTests.swift */,
				309433807103E5FFFFB41D27 /* FeatureViewModelTests.swift */,
				AE70198C2A48A0BB0B0F25E8 /* SharedDataServiceTests.swift */,
			);
			name = PrismCalcTests;
			path = Tests/PrismCalcTests;
			sourceTree = "<group>";
		};
		A3D97E06B5CA5B255A63E9F4 /* SplitBill */ = {
			isa = PBXGroup;
			children = (
				6DF71E0D10E8AB31B834216B /* SplitBillView.swift */,
				9C833C98CF2CDDA190C3BEAB /* SplitBillViewModel.swift */,
			);
			path = SplitBill;
			sourceTree = "<group>";
		};
		B5DC26D0E263A3C41B4E63A8 /* Paywall */ = {
			isa = PBXGroup;
			children = (
				37A97A551E59ADE4CE6D7B08 /* PaywallView.swift */,
				BF398B3848E41E03A8F325E7 /* ProGatedView.swift */,
			);
			path = Paywall;
			sourceTree = "<group>";
		};
		C7F5111D7D54BC9B1269E180 /* Extensions */ = {
			isa = PBXGroup;
			children = (
				011FDE3FAE243DB0F7F06F3D /* ViewExtensions.swift */,
			);
			path = Extensions;
			sourceTree = "<group>";
		};
		CA216803D14A19FF3392F7DE /* Settings */ = {
			isa = PBXGroup;
			children = (
				E66CE5B701DF5A9A0367E6BE /* SettingsView.swift */,
				FFE327E5BC1C491E4C9D6A3B /* ThemePreviewView.swift */,
			);
			path = Settings;
			sourceTree = "<group>";
		};
		CF176A235ED4BBDAE99E48C6 /* Frameworks */ = {
			isa = PBXGroup;
			children = (
				932E687FF32115C776BD1524 /* SwiftUI.framework */,
				4C40E340BE469A9823FFF30B /* WidgetKit.framework */,
			);
			name = Frameworks;
			sourceTree = "<group>";
		};
		E507AF7FBEC3765F8D82727C = {
			isa = PBXGroup;
			children = (
				E79E2164987E91D125D14B40 /* App */,
				21E54184E526F50BA3F14D52 /* PrismCalc */,
				9FB3C905249A3472B74725BC /* PrismCalcTests */,
				F574D4B1B981BC32C934F232 /* Intents */,
				FB52D89408149CC137D1853D /* Services */,
				7BD82F4C105E560EB387F61F /* WidgetExtension */,
				7D8F82765D7BE90DF290C296 /* Widgets */,
				CF176A235ED4BBDAE99E48C6 /* Frameworks */,
				7C1A3815FF2BBF82FA8D43B0 /* Products */,
			);
			sourceTree = "<group>";
		};
		E79E2164987E91D125D14B40 /* App */ = {
			isa = PBXGroup;
			children = (
				3B88C2B145989CCF729E6C81 /* Assets.xcassets */,
				1466F12F1665AB3FCB1BAD0C /* Configuration.storekit */,
				0BBEF1EB9EE790545507F192 /* PrismCalc.entitlements */,
				D6361ACEB26A1C8B9C4C5A52 /* Info.plist */,
				84354347C4E03339C1BCFDB4 /* Main.swift */,
				58EA6975E45D1849C1AB5BE6 /* PrivacyInfo.xcprivacy */,
			);
			path = App;
			sourceTree = "<group>";
		};
		F574D4B1B981BC32C934F232 /* Intents */ = {
			isa = PBXGroup;
			children = (
				9C8280FB24EE6B135CC22764 /* PrismCalcIntents.swift */,
			);
			name = Intents;
			sourceTree = "<group>";
		};
		F7837A83366DE8999CC89594 /* Tips */ = {
			isa = PBXGroup;
			children = (
				D4F09CE310B0704D010E271A /* PrismCalcTips.swift */,
			);
			path = Tips;
			sourceTree = "<group>";
		};
		F9892D895E073F57DEE623CD /* Features */ = {
			isa = PBXGroup;
			children = (
				FE82348A3DE808FD2CBAED46 /* Calculator */,
				0B74F98ED3C9DEA471F6C58F /* DiscountCalculator */,
				3ED8953120AFB2DB5709BEFA /* History */,
				B5DC26D0E263A3C41B4E63A8 /* Paywall */,
				CA216803D14A19FF3392F7DE /* Settings */,
				A3D97E06B5CA5B255A63E9F4 /* SplitBill */,
				FF30EC85DB9FBC9332029B9D /* TipCalculator */,
				FA67981FDE64026DC6182F37 /* UnitConverter */,
			);
			path = Features;
			sourceTree = "<group>";
		};
		FA67981FDE64026DC6182F37 /* UnitConverter */ = {
			isa = PBXGroup;
			children = (
				2152DD16CCBD8CC75EBB3CF1 /* UnitConverterView.swift */,
				C40CFEFC4EC5549F59BE5325 /* UnitConverterViewModel.swift */,
			);
			path = UnitConverter;
			sourceTree = "<group>";
		};
		FB52D89408149CC137D1853D /* Services */ = {
			isa = PBXGroup;
			children = (
				612A37C071FA0BA011B37F8F /* SharedDataService.swift */,
			);
			name = Services;
			sourceTree = "<group>";
		};
		FE82348A3DE808FD2CBAED46 /* Calculator */ = {
			isa = PBXGroup;
			children = (
				18CDF7C18E0A08A831AB9E32 /* CalculatorEngine.swift */,
				06CEF784C8D8CB4B0D1F0E30 /* CalculatorView.swift */,
				3DFEB1D67682DB6C959FBF44 /* CalculatorViewModel.swift */,
			);
			path = Calculator;
			sourceTree = "<group>";
		};
		FF09123D51E2FB8FC4BBC9DE /* App */ = {
			isa = PBXGroup;
			children = (
				0928A2F10C4A1BC36441EF60 /* ContentView.swift */,
				E4CB4D0753E3072FCA67F542 /* PrismCalcApp.swift */,
			);
			path = App;
			sourceTree = "<group>";
		};
		FF30EC85DB9FBC9332029B9D /* TipCalculator */ = {
			isa = PBXGroup;
			children = (
				53E4337BEB32BA163040E425 /* TipCalculatorView.swift */,
				38CCE2807D00E71D605C9EDF /* TipCalculatorViewModel.swift */,
			);
			path = TipCalculator;
			sourceTree = "<group>";
		};
/* End PBXGroup section */

/* Begin PBXNativeTarget section */
		59FD33C9B6138F6148308B16 /* PrismCalcTests */ = {
			isa = PBXNativeTarget;
			buildConfigurationList = 8DDA8E0C9BB96DCB399550E6 /* Build configuration list for PBXNativeTarget "PrismCalcTests" */;
			buildPhases = (
				3D1E20FB7A651A09C2C93528 /* Sources */,
			);
			buildRules = (
			);
			dependencies = (
				8C5157DD8D14380A48188411 /* PBXTargetDependency */,
			);
			name = PrismCalcTests;
			packageProductDependencies = (
			);
			productName = PrismCalcTests;
			productReference = 7735BB50D4B39217D871E702 /* PrismCalcTests.xctest */;
			productType = "com.apple.product-type.bundle.unit-test";
		};
		C5735FE2BF6390BBC033605E /* PrismCalcWidgetExtension */ = {
			isa = PBXNativeTarget;
			buildConfigurationList = 70909C0119DE779D8D57669D /* Build configuration list for PBXNativeTarget "PrismCalcWidgetExtension" */;
			buildPhases = (
				BCF5C1F0B1F36DC37397889D /* Sources */,
				07DA39712BACE8CAD6E5F3E6 /* Resources */,
				CFD4CAD21EFE3FD4DCC5A420 /* Frameworks */,
			);
			buildRules = (
			);
			dependencies = (
			);
			name = PrismCalcWidgetExtension;
			packageProductDependencies = (
			);
			productName = PrismCalcWidgetExtension;
			productReference = CF4F9A969F47E11D295C9015 /* PrismCalcWidgetExtension.appex */;
			productType = "com.apple.product-type.app-extension";
		};
		F6363C7CDA6FF4F0D9EBDB08 /* PrismCalc */ = {
			isa = PBXNativeTarget;
			buildConfigurationList = 7F7094FBCC6264165A2C03E4 /* Build configuration list for PBXNativeTarget "PrismCalc" */;
			buildPhases = (
				188B7D409A580E114D6C9F2C /* Sources */,
				A646BEFAADB2CEEEDDA537B4 /* Resources */,
				CE14216E1F930BBA4DCE1027 /* Embed Foundation Extensions */,
			);
			buildRules = (
			);
			dependencies = (
				904956082EF732433A5D084C /* PBXTargetDependency */,
			);
			name = PrismCalc;
			packageProductDependencies = (
			);
			productName = PrismCalc;
			productReference = 6042CD375253D31F9C043C2B /* PrismCalc.app */;
			productType = "com.apple.product-type.application";
		};
/* End PBXNativeTarget section */

/* Begin PBXProject section */
		10EC141E2458429C2EAB38BC /* Project object */ = {
			isa = PBXProject;
			attributes = {
				BuildIndependentTargetsInParallel = YES;
				LastUpgradeCheck = 2610;
			};
			buildConfigurationList = 9D56B10159389680DF65BCBD /* Build configuration list for PBXProject "PrismCalc" */;
			compatibilityVersion = "Xcode 14.0";
			developmentRegion = en;
			hasScannedForEncodings = 0;
			knownRegions = (
				Base,
				en,
			);
			mainGroup = E507AF7FBEC3765F8D82727C;
			minimizedProjectReferenceProxies = 1;
			projectDirPath = "";
			projectRoot = "";
			targets = (
				F6363C7CDA6FF4F0D9EBDB08 /* PrismCalc */,
				59FD33C9B6138F6148308B16 /* PrismCalcTests */,
				C5735FE2BF6390BBC033605E /* PrismCalcWidgetExtension */,
			);
		};
/* End PBXProject section */

/* Begin PBXResourcesBuildPhase section */
		07DA39712BACE8CAD6E5F3E6 /* Resources */ = {
			isa = PBXResourcesBuildPhase;
			buildActionMask = 2147483647;
			files = (
				98DD0F88297C233B8CB5F42F /* Assets.xcassets in Resources */,
			);
			runOnlyForDeploymentPostprocessing = 0;
		};
		A646BEFAADB2CEEEDDA537B4 /* Resources */ = {
			isa = PBXResourcesBuildPhase;
			buildActionMask = 2147483647;
			files = (
				EE256CEC1C1D2FA80B9D3E66 /* Assets.xcassets in Resources */,
				FB2434709291308506F921AD /* Configuration.storekit in Resources */,
				B45264E99A1B5420A770C5C8 /* PrivacyInfo.xcprivacy in Resources */,
			);
			runOnlyForDeploymentPostprocessing = 0;
		};
/* End PBXResourcesBuildPhase section */

/* Begin PBXSourcesBuildPhase section */
		188B7D409A580E114D6C9F2C /* Sources */ = {
			isa = PBXSourcesBuildPhase;
			buildActionMask = 2147483647;
			files = (
				1541B09BF5D4BB2D1FDF42A5 /* AnimatedMeshBackground.swift in Sources */,
				2ED4602614D08D71AF772098 /* ArcSlider.swift in Sources */,
				53858D8A69A3CB813701C69C /* CalculatorEngine.swift in Sources */,
				F1A6EA874B225FAA431A3A88 /* CalculatorView.swift in Sources */,
				EEB3561F3E0339477391F824 /* CalculatorViewModel.swift in Sources */,
				851B668F704A979EACA4528D /* ContentView.swift in Sources */,
				440F9A13E80D54D3B05C5748 /* CurrencyService.swift in Sources */,
				732D7782FA37FF91CF7043A7 /* DiscountCalculatorView.swift in Sources */,
				75ADB0A92959F93F11BBB0DE /* DiscountCalculatorViewModel.swift in Sources */,
				FF21AC5921DE37D9985079A8 /* GlassButton.swift in Sources */,
				853CBE38EC8CCBA684A8D5F3 /* PrismCalcApp.swift in Sources */,
				1175C70C64CD3B1413FB59C3 /* PrismCalcIntents.swift in Sources */,
				E0AC9907CAF600AF20826272 /* PrismCalcTips.swift in Sources */,
				C758A13774711033A2C2CFCA /* GlassCard.swift in Sources */,
				E982FA44BD84210DCACC5BA2 /* GlassDisplay.swift in Sources */,
				7D31794111F9DACEBE577774 /* GlassIconButton.swift in Sources */,
				256EF2A503E16C904FA82122 /* GlassTheme.swift in Sources */,
				6A6EBAD639BD6670EF8B0ACF /* HistoryEntry.swift in Sources */,
				04961E5E0AA76EC3F8180107 /* HistoryService.swift in Sources */,
				C537D01A257952F006C36B1C /* HistoryView.swift in Sources */,
				5A6045928869A7C32A9AC264 /* HistoryDetailView.swift in Sources */,
				33DBDF8BB7E309831BB1158B /* Main.swift in Sources */,
				3BB9F70233D53F6347FBD064 /* MeshGradientConfig.swift in Sources */,
				03746BC139C528E91F80E82E /* PaywallView.swift in Sources */,
				EB82BA2B8C7E795EFD6B4845 /* ProGatedView.swift in Sources */,
				85F05CFB02ED91E5786D0356 /* SettingsView.swift in Sources */,
				DD2AD93E5126680E2F015F77 /* ThemePreviewView.swift in Sources */,
				72B4DDAAE35F74FD86819C9F /* SharedDataService.swift in Sources */,
				4C5EBC8629C107CED5591807 /* SplitBillView.swift in Sources */,
				C0529C5D7A7FC223BABFD238 /* SplitBillViewModel.swift in Sources */,
				1240FC1AB93C30EE0E028698 /* StoreKitManager.swift in Sources */,
				1C68696F3D1EA81F43EDC87E /* TipCalculatorView.swift in Sources */,
				F15386F6B7A23EC9FBEFE00A /* TipCalculatorViewModel.swift in Sources */,
				632B0893C23FBA6E1580B08E /* UnitConverterView.swift in Sources */,
				9C0BB51DB91005648F8C089F /* UnitConverterViewModel.swift in Sources */,
				7522AE1FA0411E79B7BF455C /* ViewExtensions.swift in Sources */,
			);
			runOnlyForDeploymentPostprocessing = 0;
		};
		3D1E20FB7A651A09C2C93528 /* Sources */ = {
			isa = PBXSourcesBuildPhase;
			buildActionMask = 2147483647;
			files = (
				464FFCC9BA71612D894AB11A /* CalculatorEngineTests.swift in Sources */,
				E33E2EE79397756A2F2827A1 /* CalculatorViewModelTests.swift in Sources */,
				82B84D0CFBCBF330B5C0F3BA /* FeatureViewModelTests.swift in Sources */,
				85235890A21DD93D1617FFFF /* SharedDataServiceTests.swift in Sources */,
			);
			runOnlyForDeploymentPostprocessing = 0;
		};
		BCF5C1F0B1F36DC37397889D /* Sources */ = {
			isa = PBXSourcesBuildPhase;
			buildActionMask = 2147483647;
			files = (
				EB7CEEB8982142663FF108D9 /* ControlCenterWidget.swift in Sources */,
				07D64631D957776F82443532 /* PrismCalcIntents.swift in Sources */,
				CD0163444F5F78B11D23939A /* PrismCalcWidget.swift in Sources */,
				B453357D21C312E4953DD47A /* PrismCalcWidgetBundle.swift in Sources */,
				FE83990D4AEA031D462A0C40 /* SharedDataService.swift in Sources */,
				521393B55A0D15A58B3467D9 /* WidgetIntents.swift in Sources */,
			);
			runOnlyForDeploymentPostprocessing = 0;
		};
/* End PBXSourcesBuildPhase section */

/* Begin PBXTargetDependency section */
		8C5157DD8D14380A48188411 /* PBXTargetDependency */ = {
			isa = PBXTargetDependency;
			target = F6363C7CDA6FF4F0D9EBDB08 /* PrismCalc */;
			targetProxy = 925DF8F268EA61F225D68262 /* PBXContainerItemProxy */;
		};
		904956082EF732433A5D084C /* PBXTargetDependency */ = {
			isa = PBXTargetDependency;
			target = C5735FE2BF6390BBC033605E /* PrismCalcWidgetExtension */;
			targetProxy = C8E498F22F5A3EBD5CD17919 /* PBXContainerItemProxy */;
		};
/* End PBXTargetDependency section */

/* Begin XCBuildConfiguration section */
		054E00B72837061B006C8324 /* Release */ = {
			isa = XCBuildConfiguration;
			buildSettings = {
				BUNDLE_LOADER = "$(TEST_HOST)";
				GENERATE_INFOPLIST_FILE = YES;
				LD_RUNPATH_SEARCH_PATHS = (
					"$(inherited)",
					"@executable_path/Frameworks",
					"@loader_path/Frameworks",
				);
				PRODUCT_BUNDLE_IDENTIFIER = com.laclairtech.prismcalc.tests;
				SDKROOT = iphoneos;
				SWIFT_VERSION = 6.0;
				TARGETED_DEVICE_FAMILY = "1,2";
				TEST_HOST = "$(BUILT_PRODUCTS_DIR)/PrismCalc.app/PrismCalc";
			};
			name = Release;
		};
		0BDE66465963FEE7CBF3C5DF /* Debug */ = {
			isa = XCBuildConfiguration;
			buildSettings = {
				BUNDLE_LOADER = "$(TEST_HOST)";
				GENERATE_INFOPLIST_FILE = YES;
				LD_RUNPATH_SEARCH_PATHS = (
					"$(inherited)",
					"@executable_path/Frameworks",
					"@loader_path/Frameworks",
				);
				PRODUCT_BUNDLE_IDENTIFIER = com.laclairtech.prismcalc.tests;
				SDKROOT = iphoneos;
				SWIFT_VERSION = 6.0;
				TARGETED_DEVICE_FAMILY = "1,2";
				TEST_HOST = "$(BUILT_PRODUCTS_DIR)/PrismCalc.app/PrismCalc";
			};
			name = Debug;
		};
		472B963E54D44BD053272394 /* Release */ = {
			isa = XCBuildConfiguration;
			buildSettings = {
				CODE_SIGN_ALLOW_ENTITLEMENTS_MODIFICATION = YES;
				CODE_SIGN_ENTITLEMENTS = WidgetExtension/PrismCalcWidget.entitlements;
				CURRENT_PROJECT_VERSION = 1;
				GENERATE_INFOPLIST_FILE = YES;
				INFOPLIST_FILE = WidgetExtension/Info.plist;
				INFOPLIST_KEY_CFBundleDisplayName = "PrismCalc Widget";
				LD_RUNPATH_SEARCH_PATHS = (
					"$(inherited)",
					"@executable_path/Frameworks",
					"@executable_path/../../Frameworks",
				);
				MARKETING_VERSION = 1.0.0;
				PRODUCT_BUNDLE_IDENTIFIER = com.laclairtech.prismcalc.widget;
				SDKROOT = iphoneos;
				SWIFT_VERSION = 6.0;
				TARGETED_DEVICE_FAMILY = "1,2";
			};
			name = Release;
		};
		5548FAF286217D15E1A46977 /* Debug */ = {
			isa = XCBuildConfiguration;
			buildSettings = {
				CODE_SIGN_ALLOW_ENTITLEMENTS_MODIFICATION = YES;
				CODE_SIGN_ENTITLEMENTS = WidgetExtension/PrismCalcWidget.entitlements;
				CURRENT_PROJECT_VERSION = 1;
				GENERATE_INFOPLIST_FILE = YES;
				INFOPLIST_FILE = WidgetExtension/Info.plist;
				INFOPLIST_KEY_CFBundleDisplayName = "PrismCalc Widget";
				LD_RUNPATH_SEARCH_PATHS = (
					"$(inherited)",
					"@executable_path/Frameworks",
					"@executable_path/../../Frameworks",
				);
				MARKETING_VERSION = 1.0.0;
				PRODUCT_BUNDLE_IDENTIFIER = com.laclairtech.prismcalc.widget;
				SDKROOT = iphoneos;
				SWIFT_VERSION = 6.0;
				TARGETED_DEVICE_FAMILY = "1,2";
			};
			name = Debug;
		};
		74CC15A8C7AADA8FCAC2FFD4 /* Release */ = {
			isa = XCBuildConfiguration;
			buildSettings = {
				ASSETCATALOG_COMPILER_APPICON_NAME = AppIcon;
				CODE_SIGN_ALLOW_ENTITLEMENTS_MODIFICATION = YES;
				CODE_SIGN_ENTITLEMENTS = App/PrismCalc.entitlements;
				CODE_SIGN_IDENTITY = "iPhone Developer";
				CURRENT_PROJECT_VERSION = 1;
				GENERATE_INFOPLIST_FILE = YES;
				INFOPLIST_FILE = App/Info.plist;
				INFOPLIST_KEY_UILaunchScreen_Generation = YES;
				LD_RUNPATH_SEARCH_PATHS = (
					"$(inherited)",
					"@executable_path/Frameworks",
				);
				MARKETING_VERSION = 1.0.0;
				PRODUCT_BUNDLE_IDENTIFIER = com.laclairtech.prismcalc;
				SDKROOT = iphoneos;
				SWIFT_VERSION = 6.0;
				TARGETED_DEVICE_FAMILY = "1,2";
			};
			name = Release;
		};
		B3BDB311D474019383064659 /* Debug */ = {
			isa = XCBuildConfiguration;
			buildSettings = {
				ALWAYS_SEARCH_USER_PATHS = NO;
				ASSETCATALOG_COMPILER_GENERATE_SWIFT_ASSET_SYMBOL_EXTENSIONS = YES;
				CLANG_ANALYZER_NONNULL = YES;
				CLANG_ANALYZER_NUMBER_OBJECT_CONVERSION = YES_AGGRESSIVE;
				CLANG_CXX_LANGUAGE_STANDARD = "gnu++14";
				CLANG_CXX_LIBRARY = "libc++";
				CLANG_ENABLE_MODULES = YES;
				CLANG_ENABLE_OBJC_ARC = YES;
				CLANG_ENABLE_OBJC_WEAK = YES;
				CLANG_WARN_BLOCK_CAPTURE_AUTORELEASING = YES;
				CLANG_WARN_BOOL_CONVERSION = YES;
				CLANG_WARN_COMMA = YES;
				CLANG_WARN_CONSTANT_CONVERSION = YES;
				CLANG_WARN_DEPRECATED_OBJC_IMPLEMENTATIONS = YES;
				CLANG_WARN_DIRECT_OBJC_ISA_USAGE = YES_ERROR;
				CLANG_WARN_DOCUMENTATION_COMMENTS = YES;
				CLANG_WARN_EMPTY_BODY = YES;
				CLANG_WARN_ENUM_CONVERSION = YES;
				CLANG_WARN_INFINITE_RECURSION = YES;
				CLANG_WARN_INT_CONVERSION = YES;
				CLANG_WARN_NON_LITERAL_NULL_CONVERSION = YES;
				CLANG_WARN_OBJC_IMPLICIT_RETAIN_SELF = YES;
				CLANG_WARN_OBJC_LITERAL_CONVERSION = YES;
				CLANG_WARN_OBJC_ROOT_CLASS = YES_ERROR;
				CLANG_WARN_QUOTED_INCLUDE_IN_FRAMEWORK_HEADER = YES;
				CLANG_WARN_RANGE_LOOP_ANALYSIS = YES;
				CLANG_WARN_STRICT_PROTOTYPES = YES;
				CLANG_WARN_SUSPICIOUS_MOVE = YES;
				CLANG_WARN_UNGUARDED_AVAILABILITY = YES_AGGRESSIVE;
				CLANG_WARN_UNREACHABLE_CODE = YES;
				CLANG_WARN__DUPLICATE_METHOD_MATCH = YES;
				COPY_PHASE_STRIP = NO;
				DEBUG_INFORMATION_FORMAT = dwarf;
				ENABLE_STRICT_OBJC_MSGSEND = YES;
				ENABLE_TESTABILITY = YES;
				ENABLE_USER_SCRIPT_SANDBOXING = YES;
				GCC_C_LANGUAGE_STANDARD = gnu11;
				GCC_DYNAMIC_NO_PIC = NO;
				GCC_NO_COMMON_BLOCKS = YES;
				GCC_OPTIMIZATION_LEVEL = 0;
				GCC_PREPROCESSOR_DEFINITIONS = (
					"$(inherited)",
					"DEBUG=1",
				);
				GCC_WARN_64_TO_32_BIT_CONVERSION = YES;
				GCC_WARN_ABOUT_RETURN_TYPE = YES_ERROR;
				GCC_WARN_UNDECLARED_SELECTOR = YES;
				GCC_WARN_UNINITIALIZED_AUTOS = YES_AGGRESSIVE;
				GCC_WARN_UNUSED_FUNCTION = YES;
				GCC_WARN_UNUSED_VARIABLE = YES;
				IPHONEOS_DEPLOYMENT_TARGET = 18.0;
				MTL_ENABLE_DEBUG_INFO = INCLUDE_SOURCE;
				MTL_FAST_MATH = YES;
				ONLY_ACTIVE_ARCH = YES;
				PRODUCT_NAME = "$(TARGET_NAME)";
				SDKROOT = iphoneos;
				STRING_CATALOG_GENERATE_SYMBOLS = YES;
				SWIFT_ACTIVE_COMPILATION_CONDITIONS = DEBUG;
				SWIFT_OPTIMIZATION_LEVEL = "-Onone";
				SWIFT_VERSION = 5.0;
			};
			name = Debug;
		};
		C4BB0DC6797B9B42B9FD97F2 /* Release */ = {
			isa = XCBuildConfiguration;
			buildSettings = {
				ALWAYS_SEARCH_USER_PATHS = NO;
				ASSETCATALOG_COMPILER_GENERATE_SWIFT_ASSET_SYMBOL_EXTENSIONS = YES;
				CLANG_ANALYZER_NONNULL = YES;
				CLANG_ANALYZER_NUMBER_OBJECT_CONVERSION = YES_AGGRESSIVE;
				CLANG_CXX_LANGUAGE_STANDARD = "gnu++14";
				CLANG_CXX_LIBRARY = "libc++";
				CLANG_ENABLE_MODULES = YES;
				CLANG_ENABLE_OBJC_ARC = YES;
				CLANG_ENABLE_OBJC_WEAK = YES;
				CLANG_WARN_BLOCK_CAPTURE_AUTORELEASING = YES;
				CLANG_WARN_BOOL_CONVERSION = YES;
				CLANG_WARN_COMMA = YES;
				CLANG_WARN_CONSTANT_CONVERSION = YES;
				CLANG_WARN_DEPRECATED_OBJC_IMPLEMENTATIONS = YES;
				CLANG_WARN_DIRECT_OBJC_ISA_USAGE = YES_ERROR;
				CLANG_WARN_DOCUMENTATION_COMMENTS = YES;
				CLANG_WARN_EMPTY_BODY = YES;
				CLANG_WARN_ENUM_CONVERSION = YES;
				CLANG_WARN_INFINITE_RECURSION = YES;
				CLANG_WARN_INT_CONVERSION = YES;
				CLANG_WARN_NON_LITERAL_NULL_CONVERSION = YES;
				CLANG_WARN_OBJC_IMPLICIT_RETAIN_SELF = YES;
				CLANG_WARN_OBJC_LITERAL_CONVERSION = YES;
				CLANG_WARN_OBJC_ROOT_CLASS = YES_ERROR;
				CLANG_WARN_QUOTED_INCLUDE_IN_FRAMEWORK_HEADER = YES;
				CLANG_WARN_RANGE_LOOP_ANALYSIS = YES;
				CLANG_WARN_STRICT_PROTOTYPES = YES;
				CLANG_WARN_SUSPICIOUS_MOVE = YES;
				CLANG_WARN_UNGUARDED_AVAILABILITY = YES_AGGRESSIVE;
				CLANG_WARN_UNREACHABLE_CODE = YES;
				CLANG_WARN__DUPLICATE_METHOD_MATCH = YES;
				COPY_PHASE_STRIP = NO;
				DEBUG_INFORMATION_FORMAT = "dwarf-with-dsym";
				ENABLE_NS_ASSERTIONS = NO;
				ENABLE_STRICT_OBJC_MSGSEND = YES;
				ENABLE_USER_SCRIPT_SANDBOXING = YES;
				GCC_C_LANGUAGE_STANDARD = gnu11;
				GCC_NO_COMMON_BLOCKS = YES;
				GCC_WARN_64_TO_32_BIT_CONVERSION = YES;
				GCC_WARN_ABOUT_RETURN_TYPE = YES_ERROR;
				GCC_WARN_UNDECLARED_SELECTOR = YES;
				GCC_WARN_UNINITIALIZED_AUTOS = YES_AGGRESSIVE;
				GCC_WARN_UNUSED_FUNCTION = YES;
				GCC_WARN_UNUSED_VARIABLE = YES;
				IPHONEOS_DEPLOYMENT_TARGET = 18.0;
				MTL_ENABLE_DEBUG_INFO = NO;
				MTL_FAST_MATH = YES;
				PRODUCT_NAME = "$(TARGET_NAME)";
				SDKROOT = iphoneos;
				STRING_CATALOG_GENERATE_SYMBOLS = YES;
				SWIFT_COMPILATION_MODE = wholemodule;
				SWIFT_OPTIMIZATION_LEVEL = "-O";
				SWIFT_VERSION = 5.0;
			};
			name = Release;
		};
		E8BC62508C2095D7C2DFFE30 /* Debug */ = {
			isa = XCBuildConfiguration;
			buildSettings = {
				ASSETCATALOG_COMPILER_APPICON_NAME = AppIcon;
				CODE_SIGN_ALLOW_ENTITLEMENTS_MODIFICATION = YES;
				CODE_SIGN_ENTITLEMENTS = App/PrismCalc.entitlements;
				CODE_SIGN_IDENTITY = "iPhone Developer";
				CURRENT_PROJECT_VERSION = 1;
				GENERATE_INFOPLIST_FILE = YES;
				INFOPLIST_FILE = App/Info.plist;
				INFOPLIST_KEY_UILaunchScreen_Generation = YES;
				LD_RUNPATH_SEARCH_PATHS = (
					"$(inherited)",
					"@executable_path/Frameworks",
				);
				MARKETING_VERSION = 1.0.0;
				PRODUCT_BUNDLE_IDENTIFIER = com.laclairtech.prismcalc;
				SDKROOT = iphoneos;
				SWIFT_VERSION = 6.0;
				TARGETED_DEVICE_FAMILY = "1,2";
			};
			name = Debug;
		};
/* End XCBuildConfiguration section */

/* Begin XCConfigurationList section */
		70909C0119DE779D8D57669D /* Build configuration list for PBXNativeTarget "PrismCalcWidgetExtension" */ = {
			isa = XCConfigurationList;
			buildConfigurations = (
				5548FAF286217D15E1A46977 /* Debug */,
				472B963E54D44BD053272394 /* Release */,
			);
			defaultConfigurationIsVisible = 0;
			defaultConfigurationName = Debug;
		};
		7F7094FBCC6264165A2C03E4 /* Build configuration list for PBXNativeTarget "PrismCalc" */ = {
			isa = XCConfigurationList;
			buildConfigurations = (
				E8BC62508C2095D7C2DFFE30 /* Debug */,
				74CC15A8C7AADA8FCAC2FFD4 /* Release */,
			);
			defaultConfigurationIsVisible = 0;
			defaultConfigurationName = Debug;
		};
		8DDA8E0C9BB96DCB399550E6 /* Build configuration list for PBXNativeTarget "PrismCalcTests" */ = {
			isa = XCConfigurationList;
			buildConfigurations = (
				0BDE66465963FEE7CBF3C5DF /* Debug */,
				054E00B72837061B006C8324 /* Release */,
			);
			defaultConfigurationIsVisible = 0;
			defaultConfigurationName = Debug;
		};
		9D56B10159389680DF65BCBD /* Build configuration list for PBXProject "PrismCalc" */ = {
			isa = XCConfigurationList;
			buildConfigurations = (
				B3BDB311D474019383064659 /* Debug */,
				C4BB0DC6797B9B42B9FD97F2 /* Release */,
			);
			defaultConfigurationIsVisible = 0;
			defaultConfigurationName = Debug;
		};
/* End XCConfigurationList section */
	};
	rootObject = 10EC141E2458429C2EAB38BC /* Project object */;
}
