// !$*UTF8*$!
{
	archiveVersion = 1;
	classes = {
	};
	objectVersion = 77;
	objects = {

/* Begin PBXBuildFile section */
		1C68696F3D1EA81F43EDC87E /* TipCalculatorView.swift in Sources */ = {isa = PBXBuildFile; fileRef = 53E4337BEB32BA163040E425 /* TipCalculatorView.swift */; };
		256EF2A503E16C904FA82122 /* GlassTheme.swift in Sources */ = {isa = PBXBuildFile; fileRef = 166E376548BCB9D6251E58F4 /* GlassTheme.swift */; };
		2ED4602614D08D71AF772098 /* ArcSlider.swift in Sources */ = {isa = PBXBuildFile; fileRef = 4509FB883BDADD494189B540 /* ArcSlider.swift */; };
		33DBDF8BB7E309831BB1158B /* Main.swift in Sources */ = {isa = PBXBuildFile; fileRef = 84354347C4E03339C1BCFDB4 /* Main.swift */; };
		440F9A13E80D54D3B05C5748 /* CurrencyService.swift in Sources */ = {isa = PBXBuildFile; fileRef = B19AC441303D0EF8DA02BAF5 /* CurrencyService.swift */; };
		4C5EBC8629C107CED5591807 /* SplitBillView.swift in Sources */ = {isa = PBXBuildFile; fileRef = 6DF71E0D10E8AB31B834216B /* SplitBillView.swift */; };
		53858D8A69A3CB813701C69C /* CalculatorEngine.swift in Sources */ = {isa = PBXBuildFile; fileRef = 18CDF7C18E0A08A831AB9E32 /* CalculatorEngine.swift */; };
		632B0893C23FBA6E1580B08E /* UnitConverterView.swift in Sources */ = {isa = PBXBuildFile; fileRef = 2152DD16CCBD8CC75EBB3CF1 /* UnitConverterView.swift */; };
		732D7782FA37FF91CF7043A7 /* DiscountCalculatorView.swift in Sources */ = {isa = PBXBuildFile; fileRef = C2D7992608E1F5963B90E503 /* DiscountCalculatorView.swift */; };
		7522AE1FA0411E79B7BF455C /* ViewExtensions.swift in Sources */ = {isa = PBXBuildFile; fileRef = 011FDE3FAE243DB0F7F06F3D /* ViewExtensions.swift */; };
		75ADB0A92959F93F11BBB0DE /* DiscountCalculatorViewModel.swift in Sources */ = {isa = PBXBuildFile; fileRef = A67931C7E2E5EB73C0B3B376 /* DiscountCalculatorViewModel.swift */; };
		851B668F704A979EACA4528D /* ContentView.swift in Sources */ = {isa = PBXBuildFile; fileRef = 0928A2F10C4A1BC36441EF60 /* ContentView.swift */; };
		853CBE38EC8CCBA684A8D5F3 /* GlassCalcApp.swift in Sources */ = {isa = PBXBuildFile; fileRef = E4CB4D0753E3072FCA67F542 /* GlassCalcApp.swift */; };
		85F05CFB02ED91E5786D0356 /* SettingsView.swift in Sources */ = {isa = PBXBuildFile; fileRef = E66CE5B701DF5A9A0367E6BE /* SettingsView.swift */; };
		9C0BB51DB91005648F8C089F /* UnitConverterViewModel.swift in Sources */ = {isa = PBXBuildFile; fileRef = C40CFEFC4EC5549F59BE5325 /* UnitConverterViewModel.swift */; };
		C0529C5D7A7FC223BABFD238 /* SplitBillViewModel.swift in Sources */ = {isa = PBXBuildFile; fileRef = 9C833C98CF2CDDA190C3BEAB /* SplitBillViewModel.swift */; };
		C758A13774711033A2C2CFCA /* GlassCard.swift in Sources */ = {isa = PBXBuildFile; fileRef = 4194E0993381BD54D743A6D1 /* GlassCard.swift */; };
		E982FA44BD84210DCACC5BA2 /* GlassDisplay.swift in Sources */ = {isa = PBXBuildFile; fileRef = E67CC6560CD1FCC27CA6702D /* GlassDisplay.swift */; };
		EE256CEC1C1D2FA80B9D3E66 /* Assets.xcassets in Resources */ = {isa = PBXBuildFile; fileRef = 3B88C2B145989CCF729E6C81 /* Assets.xcassets */; };
		EEB3561F3E0339477391F824 /* CalculatorViewModel.swift in Sources */ = {isa = PBXBuildFile; fileRef = 3DFEB1D67682DB6C959FBF44 /* CalculatorViewModel.swift */; };
		F15386F6B7A23EC9FBEFE00A /* TipCalculatorViewModel.swift in Sources */ = {isa = PBXBuildFile; fileRef = 38CCE2807D00E71D605C9EDF /* TipCalculatorViewModel.swift */; };
		F1A6EA874B225FAA431A3A88 /* CalculatorView.swift in Sources */ = {isa = PBXBuildFile; fileRef = 06CEF784C8D8CB4B0D1F0E30 /* CalculatorView.swift */; };
		FF21AC5921DE37D9985079A8 /* GlassButton.swift in Sources */ = {isa = PBXBuildFile; fileRef = 75C27C5D6BD72F15EA88DE7B /* GlassButton.swift */; };
/* End PBXBuildFile section */

/* Begin PBXFileReference section */
		011FDE3FAE243DB0F7F06F3D /* ViewExtensions.swift */ = {isa = PBXFileReference; lastKnownFileType = sourcecode.swift; path = ViewExtensions.swift; sourceTree = "<group>"; };
		06CEF784C8D8CB4B0D1F0E30 /* CalculatorView.swift */ = {isa = PBXFileReference; lastKnownFileType = sourcecode.swift; path = CalculatorView.swift; sourceTree = "<group>"; };
		0928A2F10C4A1BC36441EF60 /* ContentView.swift */ = {isa = PBXFileReference; lastKnownFileType = sourcecode.swift; path = ContentView.swift; sourceTree = "<group>"; };
		166E376548BCB9D6251E58F4 /* GlassTheme.swift */ = {isa = PBXFileReference; lastKnownFileType = sourcecode.swift; path = GlassTheme.swift; sourceTree = "<group>"; };
		18CDF7C18E0A08A831AB9E32 /* CalculatorEngine.swift */ = {isa = PBXFileReference; lastKnownFileType = sourcecode.swift; path = CalculatorEngine.swift; sourceTree = "<group>"; };
		2152DD16CCBD8CC75EBB3CF1 /* UnitConverterView.swift */ = {isa = PBXFileReference; lastKnownFileType = sourcecode.swift; path = UnitConverterView.swift; sourceTree = "<group>"; };
		38CCE2807D00E71D605C9EDF /* TipCalculatorViewModel.swift */ = {isa = PBXFileReference; lastKnownFileType = sourcecode.swift; path = TipCalculatorViewModel.swift; sourceTree = "<group>"; };
		3B88C2B145989CCF729E6C81 /* Assets.xcassets */ = {isa = PBXFileReference; lastKnownFileType = folder.assetcatalog; path = Assets.xcassets; sourceTree = "<group>"; };
		3DFEB1D67682DB6C959FBF44 /* CalculatorViewModel.swift */ = {isa = PBXFileReference; lastKnownFileType = sourcecode.swift; path = CalculatorViewModel.swift; sourceTree = "<group>"; };
		4194E0993381BD54D743A6D1 /* GlassCard.swift */ = {isa = PBXFileReference; lastKnownFileType = sourcecode.swift; path = GlassCard.swift; sourceTree = "<group>"; };
		4509FB883BDADD494189B540 /* ArcSlider.swift */ = {isa = PBXFileReference; lastKnownFileType = sourcecode.swift; path = ArcSlider.swift; sourceTree = "<group>"; };
		53E4337BEB32BA163040E425 /* TipCalculatorView.swift */ = {isa = PBXFileReference; lastKnownFileType = sourcecode.swift; path = TipCalculatorView.swift; sourceTree = "<group>"; };
		6042CD375253D31F9C043C2B /* GlassCalc.app */ = {isa = PBXFileReference; includeInIndex = 0; lastKnownFileType = wrapper.application; path = GlassCalc.app; sourceTree = BUILT_PRODUCTS_DIR; };
		6DF71E0D10E8AB31B834216B /* SplitBillView.swift */ = {isa = PBXFileReference; lastKnownFileType = sourcecode.swift; path = SplitBillView.swift; sourceTree = "<group>"; };
		75C27C5D6BD72F15EA88DE7B /* GlassButton.swift */ = {isa = PBXFileReference; lastKnownFileType = sourcecode.swift; path = GlassButton.swift; sourceTree = "<group>"; };
		84354347C4E03339C1BCFDB4 /* Main.swift */ = {isa = PBXFileReference; lastKnownFileType = sourcecode.swift; path = Main.swift; sourceTree = "<group>"; };
		9C833C98CF2CDDA190C3BEAB /* SplitBillViewModel.swift */ = {isa = PBXFileReference; lastKnownFileType = sourcecode.swift; path = SplitBillViewModel.swift; sourceTree = "<group>"; };
		A67931C7E2E5EB73C0B3B376 /* DiscountCalculatorViewModel.swift */ = {isa = PBXFileReference; lastKnownFileType = sourcecode.swift; path = DiscountCalculatorViewModel.swift; sourceTree = "<group>"; };
		B19AC441303D0EF8DA02BAF5 /* CurrencyService.swift */ = {isa = PBXFileReference; lastKnownFileType = sourcecode.swift; path = CurrencyService.swift; sourceTree = "<group>"; };
		C2D7992608E1F5963B90E503 /* DiscountCalculatorView.swift */ = {isa = PBXFileReference; lastKnownFileType = sourcecode.swift; path = DiscountCalculatorView.swift; sourceTree = "<group>"; };
		C40CFEFC4EC5549F59BE5325 /* UnitConverterViewModel.swift */ = {isa = PBXFileReference; lastKnownFileType = sourcecode.swift; path = UnitConverterViewModel.swift; sourceTree = "<group>"; };
		D6361ACEB26A1C8B9C4C5A52 /* Info.plist */ = {isa = PBXFileReference; lastKnownFileType = text.plist; path = Info.plist; sourceTree = "<group>"; };
		E4CB4D0753E3072FCA67F542 /* GlassCalcApp.swift */ = {isa = PBXFileReference; lastKnownFileType = sourcecode.swift; path = GlassCalcApp.swift; sourceTree = "<group>"; };
		E66CE5B701DF5A9A0367E6BE /* SettingsView.swift */ = {isa = PBXFileReference; lastKnownFileType = sourcecode.swift; path = SettingsView.swift; sourceTree = "<group>"; };
		E67CC6560CD1FCC27CA6702D /* GlassDisplay.swift */ = {isa = PBXFileReference; lastKnownFileType = sourcecode.swift; path = GlassDisplay.swift; sourceTree = "<group>"; };
/* End PBXFileReference section */

/* Begin PBXGroup section */
		0B74F98ED3C9DEA471F6C58F /* DiscountCalculator */ = {
			isa = PBXGroup;
			children = (
				C2D7992608E1F5963B90E503 /* DiscountCalculatorView.swift */,
				A67931C7E2E5EB73C0B3B376 /* DiscountCalculatorViewModel.swift */,
			);
			path = DiscountCalculator;
			sourceTree = "<group>";
		};
		21E54184E526F50BA3F14D52 /* GlassCalc */ = {
			isa = PBXGroup;
			children = (
				FF09123D51E2FB8FC4BBC9DE /* App */,
				9A95DD9C43455BF6302A9990 /* Core */,
				8BAEB621A4163068A8456199 /* DesignSystem */,
				F9892D895E073F57DEE623CD /* Features */,
			);
			name = GlassCalc;
			path = Sources/GlassCalc;
			sourceTree = "<group>";
		};
		24FBE59F79153ABF302F3CC0 /* Services */ = {
			isa = PBXGroup;
			children = (
				B19AC441303D0EF8DA02BAF5 /* CurrencyService.swift */,
			);
			path = Services;
			sourceTree = "<group>";
		};
		7C1A3815FF2BBF82FA8D43B0 /* Products */ = {
			isa = PBXGroup;
			children = (
				6042CD375253D31F9C043C2B /* GlassCalc.app */,
			);
			name = Products;
			sourceTree = "<group>";
		};
		8BAEB621A4163068A8456199 /* DesignSystem */ = {
			isa = PBXGroup;
			children = (
				4509FB883BDADD494189B540 /* ArcSlider.swift */,
				75C27C5D6BD72F15EA88DE7B /* GlassButton.swift */,
				4194E0993381BD54D743A6D1 /* GlassCard.swift */,
				E67CC6560CD1FCC27CA6702D /* GlassDisplay.swift */,
				166E376548BCB9D6251E58F4 /* GlassTheme.swift */,
			);
			path = DesignSystem;
			sourceTree = "<group>";
		};
		9A95DD9C43455BF6302A9990 /* Core */ = {
			isa = PBXGroup;
			children = (
				C7F5111D7D54BC9B1269E180 /* Extensions */,
				24FBE59F79153ABF302F3CC0 /* Services */,
			);
			path = Core;
			sourceTree = "<group>";
		};
		A3D97E06B5CA5B255A63E9F4 /* SplitBill */ = {
			isa = PBXGroup;
			children = (
				6DF71E0D10E8AB31B834216B /* SplitBillView.swift */,
				9C833C98CF2CDDA190C3BEAB /* SplitBillViewModel.swift */,
			);
			path = SplitBill;
			sourceTree = "<group>";
		};
		C7F5111D7D54BC9B1269E180 /* Extensions */ = {
			isa = PBXGroup;
			children = (
				011FDE3FAE243DB0F7F06F3D /* ViewExtensions.swift */,
			);
			path = Extensions;
			sourceTree = "<group>";
		};
		CA216803D14A19FF3392F7DE /* Settings */ = {
			isa = PBXGroup;
			children = (
				E66CE5B701DF5A9A0367E6BE /* SettingsView.swift */,
			);
			path = Settings;
			sourceTree = "<group>";
		};
		E507AF7FBEC3765F8D82727C = {
			isa = PBXGroup;
			children = (
				E79E2164987E91D125D14B40 /* App */,
				21E54184E526F50BA3F14D52 /* GlassCalc */,
				7C1A3815FF2BBF82FA8D43B0 /* Products */,
			);
			sourceTree = "<group>";
		};
		E79E2164987E91D125D14B40 /* App */ = {
			isa = PBXGroup;
			children = (
				3B88C2B145989CCF729E6C81 /* Assets.xcassets */,
				D6361ACEB26A1C8B9C4C5A52 /* Info.plist */,
				84354347C4E03339C1BCFDB4 /* Main.swift */,
			);
			path = App;
			sourceTree = "<group>";
		};
		F9892D895E073F57DEE623CD /* Features */ = {
			isa = PBXGroup;
			children = (
				FE82348A3DE808FD2CBAED46 /* Calculator */,
				0B74F98ED3C9DEA471F6C58F /* DiscountCalculator */,
				CA216803D14A19FF3392F7DE /* Settings */,
				A3D97E06B5CA5B255A63E9F4 /* SplitBill */,
				FF30EC85DB9FBC9332029B9D /* TipCalculator */,
				FA67981FDE64026DC6182F37 /* UnitConverter */,
			);
			path = Features;
			sourceTree = "<group>";
		};
		FA67981FDE64026DC6182F37 /* UnitConverter */ = {
			isa = PBXGroup;
			children = (
				2152DD16CCBD8CC75EBB3CF1 /* UnitConverterView.swift */,
				C40CFEFC4EC5549F59BE5325 /* UnitConverterViewModel.swift */,
			);
			path = UnitConverter;
			sourceTree = "<group>";
		};
		FE82348A3DE808FD2CBAED46 /* Calculator */ = {
			isa = PBXGroup;
			children = (
				18CDF7C18E0A08A831AB9E32 /* CalculatorEngine.swift */,
				06CEF784C8D8CB4B0D1F0E30 /* CalculatorView.swift */,
				3DFEB1D67682DB6C959FBF44 /* CalculatorViewModel.swift */,
			);
			path = Calculator;
			sourceTree = "<group>";
		};
		FF09123D51E2FB8FC4BBC9DE /* App */ = {
			isa = PBXGroup;
			children = (
				0928A2F10C4A1BC36441EF60 /* ContentView.swift */,
				E4CB4D0753E3072FCA67F542 /* GlassCalcApp.swift */,
			);
			path = App;
			sourceTree = "<group>";
		};
		FF30EC85DB9FBC9332029B9D /* TipCalculator */ = {
			isa = PBXGroup;
			children = (
				53E4337BEB32BA163040E425 /* TipCalculatorView.swift */,
				38CCE2807D00E71D605C9EDF /* TipCalculatorViewModel.swift */,
			);
			path = TipCalculator;
			sourceTree = "<group>";
		};
		"TEMP_9C922120-1052-4889-B32B-C1201A4982CF" /* Widgets */ = {
			isa = PBXGroup;
			children = (
			);
			path = Widgets;
			sourceTree = "<group>";
		};
/* End PBXGroup section */

/* Begin PBXNativeTarget section */
		F6363C7CDA6FF4F0D9EBDB08 /* GlassCalc */ = {
			isa = PBXNativeTarget;
			buildConfigurationList = 7F7094FBCC6264165A2C03E4 /* Build configuration list for PBXNativeTarget "GlassCalc" */;
			buildPhases = (
				188B7D409A580E114D6C9F2C /* Sources */,
				A646BEFAADB2CEEEDDA537B4 /* Resources */,
			);
			buildRules = (
			);
			dependencies = (
			);
			name = GlassCalc;
			packageProductDependencies = (
			);
			productName = GlassCalc;
			productReference = 6042CD375253D31F9C043C2B /* GlassCalc.app */;
			productType = "com.apple.product-type.application";
		};
/* End PBXNativeTarget section */

/* Begin PBXProject section */
		10EC141E2458429C2EAB38BC /* Project object */ = {
			isa = PBXProject;
			attributes = {
				BuildIndependentTargetsInParallel = YES;
				LastUpgradeCheck = 1430;
			};
			buildConfigurationList = 9D56B10159389680DF65BCBD /* Build configuration list for PBXProject "GlassCalc" */;
			compatibilityVersion = "Xcode 14.0";
			developmentRegion = en;
			hasScannedForEncodings = 0;
			knownRegions = (
				Base,
				en,
			);
			mainGroup = E507AF7FBEC3765F8D82727C;
			minimizedProjectReferenceProxies = 1;
			preferredProjectObjectVersion = 77;
			projectDirPath = "";
			projectRoot = "";
			targets = (
				F6363C7CDA6FF4F0D9EBDB08 /* GlassCalc */,
			);
		};
/* End PBXProject section */

/* Begin PBXResourcesBuildPhase section */
		A646BEFAADB2CEEEDDA537B4 /* Resources */ = {
			isa = PBXResourcesBuildPhase;
			buildActionMask = 2147483647;
			files = (
				EE256CEC1C1D2FA80B9D3E66 /* Assets.xcassets in Resources */,
			);
			runOnlyForDeploymentPostprocessing = 0;
		};
/* End PBXResourcesBuildPhase section */

/* Begin PBXSourcesBuildPhase section */
		188B7D409A580E114D6C9F2C /* Sources */ = {
			isa = PBXSourcesBuildPhase;
			buildActionMask = 2147483647;
			files = (
				2ED4602614D08D71AF772098 /* ArcSlider.swift in Sources */,
				53858D8A69A3CB813701C69C /* CalculatorEngine.swift in Sources */,
				F1A6EA874B225FAA431A3A88 /* CalculatorView.swift in Sources */,
				EEB3561F3E0339477391F824 /* CalculatorViewModel.swift in Sources */,
				851B668F704A979EACA4528D /* ContentView.swift in Sources */,
				440F9A13E80D54D3B05C5748 /* CurrencyService.swift in Sources */,
				732D7782FA37FF91CF7043A7 /* DiscountCalculatorView.swift in Sources */,
				75ADB0A92959F93F11BBB0DE /* DiscountCalculatorViewModel.swift in Sources */,
				FF21AC5921DE37D9985079A8 /* GlassButton.swift in Sources */,
				853CBE38EC8CCBA684A8D5F3 /* GlassCalcApp.swift in Sources */,
				C758A13774711033A2C2CFCA /* GlassCard.swift in Sources */,
				E982FA44BD84210DCACC5BA2 /* GlassDisplay.swift in Sources */,
				256EF2A503E16C904FA82122 /* GlassTheme.swift in Sources */,
				33DBDF8BB7E309831BB1158B /* Main.swift in Sources */,
				85F05CFB02ED91E5786D0356 /* SettingsView.swift in Sources */,
				4C5EBC8629C107CED5591807 /* SplitBillView.swift in Sources */,
				C0529C5D7A7FC223BABFD238 /* SplitBillViewModel.swift in Sources */,
				1C68696F3D1EA81F43EDC87E /* TipCalculatorView.swift in Sources */,
				F15386F6B7A23EC9FBEFE00A /* TipCalculatorViewModel.swift in Sources */,
				632B0893C23FBA6E1580B08E /* UnitConverterView.swift in Sources */,
				9C0BB51DB91005648F8C089F /* UnitConverterViewModel.swift in Sources */,
				7522AE1FA0411E79B7BF455C /* ViewExtensions.swift in Sources */,
			);
			runOnlyForDeploymentPostprocessing = 0;
		};
/* End PBXSourcesBuildPhase section */

/* Begin XCBuildConfiguration section */
		74CC15A8C7AADA8FCAC2FFD4 /* Release */ = {
			isa = XCBuildConfiguration;
			buildSettings = {
				ASSETCATALOG_COMPILER_APPICON_NAME = AppIcon;
				CODE_SIGN_IDENTITY = "iPhone Developer";
				CURRENT_PROJECT_VERSION = 1;
				GENERATE_INFOPLIST_FILE = YES;
				INFOPLIST_FILE = App/Info.plist;
				INFOPLIST_KEY_UILaunchScreen_Generation = YES;
				LD_RUNPATH_SEARCH_PATHS = (
					"$(inherited)",
					"@executable_path/Frameworks",
				);
				MARKETING_VERSION = 1.0.0;
				PRODUCT_BUNDLE_IDENTIFIER = com.laclairtech.glasscalc;
				SDKROOT = iphoneos;
				SWIFT_VERSION = 6.0;
				TARGETED_DEVICE_FAMILY = "1,2";
			};
			name = Release;
		};
		B3BDB311D474019383064659 /* Debug */ = {
			isa = XCBuildConfiguration;
			buildSettings = {
				ALWAYS_SEARCH_USER_PATHS = NO;
				CLANG_ANALYZER_NONNULL = YES;
				CLANG_ANALYZER_NUMBER_OBJECT_CONVERSION = YES_AGGRESSIVE;
				CLANG_CXX_LANGUAGE_STANDARD = "gnu++14";
				CLANG_CXX_LIBRARY = "libc++";
				CLANG_ENABLE_MODULES = YES;
				CLANG_ENABLE_OBJC_ARC = YES;
				CLANG_ENABLE_OBJC_WEAK = YES;
				CLANG_WARN_BLOCK_CAPTURE_AUTORELEASING = YES;
				CLANG_WARN_BOOL_CONVERSION = YES;
				CLANG_WARN_COMMA = YES;
				CLANG_WARN_CONSTANT_CONVERSION = YES;
				CLANG_WARN_DEPRECATED_OBJC_IMPLEMENTATIONS = YES;
				CLANG_WARN_DIRECT_OBJC_ISA_USAGE = YES_ERROR;
				CLANG_WARN_DOCUMENTATION_COMMENTS = YES;
				CLANG_WARN_EMPTY_BODY = YES;
				CLANG_WARN_ENUM_CONVERSION = YES;
				CLANG_WARN_INFINITE_RECURSION = YES;
				CLANG_WARN_INT_CONVERSION = YES;
				CLANG_WARN_NON_LITERAL_NULL_CONVERSION = YES;
				CLANG_WARN_OBJC_IMPLICIT_RETAIN_SELF = YES;
				CLANG_WARN_OBJC_LITERAL_CONVERSION = YES;
				CLANG_WARN_OBJC_ROOT_CLASS = YES_ERROR;
				CLANG_WARN_QUOTED_INCLUDE_IN_FRAMEWORK_HEADER = YES;
				CLANG_WARN_RANGE_LOOP_ANALYSIS = YES;
				CLANG_WARN_STRICT_PROTOTYPES = YES;
				CLANG_WARN_SUSPICIOUS_MOVE = YES;
				CLANG_WARN_UNGUARDED_AVAILABILITY = YES_AGGRESSIVE;
				CLANG_WARN_UNREACHABLE_CODE = YES;
				CLANG_WARN__DUPLICATE_METHOD_MATCH = YES;
				COPY_PHASE_STRIP = NO;
				DEBUG_INFORMATION_FORMAT = dwarf;
				ENABLE_STRICT_OBJC_MSGSEND = YES;
				ENABLE_TESTABILITY = YES;
				GCC_C_LANGUAGE_STANDARD = gnu11;
				GCC_DYNAMIC_NO_PIC = NO;
				GCC_NO_COMMON_BLOCKS = YES;
				GCC_OPTIMIZATION_LEVEL = 0;
				GCC_PREPROCESSOR_DEFINITIONS = (
					"$(inherited)",
					"DEBUG=1",
				);
				GCC_WARN_64_TO_32_BIT_CONVERSION = YES;
				GCC_WARN_ABOUT_RETURN_TYPE = YES_ERROR;
				GCC_WARN_UNDECLARED_SELECTOR = YES;
				GCC_WARN_UNINITIALIZED_AUTOS = YES_AGGRESSIVE;
				GCC_WARN_UNUSED_FUNCTION = YES;
				GCC_WARN_UNUSED_VARIABLE = YES;
				IPHONEOS_DEPLOYMENT_TARGET = 18.0;
				MTL_ENABLE_DEBUG_INFO = INCLUDE_SOURCE;
				MTL_FAST_MATH = YES;
				ONLY_ACTIVE_ARCH = YES;
				PRODUCT_NAME = "$(TARGET_NAME)";
				SDKROOT = iphoneos;
				SWIFT_ACTIVE_COMPILATION_CONDITIONS = DEBUG;
				SWIFT_OPTIMIZATION_LEVEL = "-Onone";
				SWIFT_VERSION = 5.0;
			};
			name = Debug;
		};
		C4BB0DC6797B9B42B9FD97F2 /* Release */ = {
			isa = XCBuildConfiguration;
			buildSettings = {
				ALWAYS_SEARCH_USER_PATHS = NO;
				CLANG_ANALYZER_NONNULL = YES;
				CLANG_ANALYZER_NUMBER_OBJECT_CONVERSION = YES_AGGRESSIVE;
				CLANG_CXX_LANGUAGE_STANDARD = "gnu++14";
				CLANG_CXX_LIBRARY = "libc++";
				CLANG_ENABLE_MODULES = YES;
				CLANG_ENABLE_OBJC_ARC = YES;
				CLANG_ENABLE_OBJC_WEAK = YES;
				CLANG_WARN_BLOCK_CAPTURE_AUTORELEASING = YES;
				CLANG_WARN_BOOL_CONVERSION = YES;
				CLANG_WARN_COMMA = YES;
				CLANG_WARN_CONSTANT_CONVERSION = YES;
				CLANG_WARN_DEPRECATED_OBJC_IMPLEMENTATIONS = YES;
				CLANG_WARN_DIRECT_OBJC_ISA_USAGE = YES_ERROR;
				CLANG_WARN_DOCUMENTATION_COMMENTS = YES;
				CLANG_WARN_EMPTY_BODY = YES;
				CLANG_WARN_ENUM_CONVERSION = YES;
				CLANG_WARN_INFINITE_RECURSION = YES;
				CLANG_WARN_INT_CONVERSION = YES;
				CLANG_WARN_NON_LITERAL_NULL_CONVERSION = YES;
				CLANG_WARN_OBJC_IMPLICIT_RETAIN_SELF = YES;
				CLANG_WARN_OBJC_LITERAL_CONVERSION = YES;
				CLANG_WARN_OBJC_ROOT_CLASS = YES_ERROR;
				CLANG_WARN_QUOTED_INCLUDE_IN_FRAMEWORK_HEADER = YES;
				CLANG_WARN_RANGE_LOOP_ANALYSIS = YES;
				CLANG_WARN_STRICT_PROTOTYPES = YES;
				CLANG_WARN_SUSPICIOUS_MOVE = YES;
				CLANG_WARN_UNGUARDED_AVAILABILITY = YES_AGGRESSIVE;
				CLANG_WARN_UNREACHABLE_CODE = YES;
				CLANG_WARN__DUPLICATE_METHOD_MATCH = YES;
				COPY_PHASE_STRIP = NO;
				DEBUG_INFORMATION_FORMAT = "dwarf-with-dsym";
				ENABLE_NS_ASSERTIONS = NO;
				ENABLE_STRICT_OBJC_MSGSEND = YES;
				GCC_C_LANGUAGE_STANDARD = gnu11;
				GCC_NO_COMMON_BLOCKS = YES;
				GCC_WARN_64_TO_32_BIT_CONVERSION = YES;
				GCC_WARN_ABOUT_RETURN_TYPE = YES_ERROR;
				GCC_WARN_UNDECLARED_SELECTOR = YES;
				GCC_WARN_UNINITIALIZED_AUTOS = YES_AGGRESSIVE;
				GCC_WARN_UNUSED_FUNCTION = YES;
				GCC_WARN_UNUSED_VARIABLE = YES;
				IPHONEOS_DEPLOYMENT_TARGET = 18.0;
				MTL_ENABLE_DEBUG_INFO = NO;
				MTL_FAST_MATH = YES;
				PRODUCT_NAME = "$(TARGET_NAME)";
				SDKROOT = iphoneos;
				SWIFT_COMPILATION_MODE = wholemodule;
				SWIFT_OPTIMIZATION_LEVEL = "-O";
				SWIFT_VERSION = 5.0;
			};
			name = Release;
		};
		E8BC62508C2095D7C2DFFE30 /* Debug */ = {
			isa = XCBuildConfiguration;
			buildSettings = {
				ASSETCATALOG_COMPILER_APPICON_NAME = AppIcon;
				CODE_SIGN_IDENTITY = "iPhone Developer";
				CURRENT_PROJECT_VERSION = 1;
				GENERATE_INFOPLIST_FILE = YES;
				INFOPLIST_FILE = App/Info.plist;
				INFOPLIST_KEY_UILaunchScreen_Generation = YES;
				LD_RUNPATH_SEARCH_PATHS = (
					"$(inherited)",
					"@executable_path/Frameworks",
				);
				MARKETING_VERSION = 1.0.0;
				PRODUCT_BUNDLE_IDENTIFIER = com.laclairtech.glasscalc;
				SDKROOT = iphoneos;
				SWIFT_VERSION = 6.0;
				TARGETED_DEVICE_FAMILY = "1,2";
			};
			name = Debug;
		};
/* End XCBuildConfiguration section */

/* Begin XCConfigurationList section */
		7F7094FBCC6264165A2C03E4 /* Build configuration list for PBXNativeTarget "GlassCalc" */ = {
			isa = XCConfigurationList;
			buildConfigurations = (
				E8BC62508C2095D7C2DFFE30 /* Debug */,
				74CC15A8C7AADA8FCAC2FFD4 /* Release */,
			);
			defaultConfigurationIsVisible = 0;
			defaultConfigurationName = Debug;
		};
		9D56B10159389680DF65BCBD /* Build configuration list for PBXProject "GlassCalc" */ = {
			isa = XCConfigurationList;
			buildConfigurations = (
				B3BDB311D474019383064659 /* Debug */,
				C4BB0DC6797B9B42B9FD97F2 /* Release */,
			);
			defaultConfigurationIsVisible = 0;
			defaultConfigurationName = Debug;
		};
/* End XCConfigurationList section */
	};
	rootObject = 10EC141E2458429C2EAB38BC /* Project object */;
}
